// !$*UTF8*$!
{
	archiveVersion = 1;
	classes = {
	};
	objectVersion = 46;
	objects = {

/* Begin PBXBuildFile section */
		200B15661D509B880004C23E /* AppDelegate.swift in Sources */ = {isa = PBXBuildFile; fileRef = 200B15651D509B880004C23E /* AppDelegate.swift */; };
		200B15681D509B880004C23E /* ViewController.swift in Sources */ = {isa = PBXBuildFile; fileRef = 200B15671D509B880004C23E /* ViewController.swift */; };
		200B156B1D509B880004C23E /* Main.storyboard in Resources */ = {isa = PBXBuildFile; fileRef = 200B15691D509B880004C23E /* Main.storyboard */; };
		200B156D1D509B880004C23E /* Assets.xcassets in Resources */ = {isa = PBXBuildFile; fileRef = 200B156C1D509B880004C23E /* Assets.xcassets */; };
		200B15701D509B880004C23E /* LaunchScreen.storyboard in Resources */ = {isa = PBXBuildFile; fileRef = 200B156E1D509B880004C23E /* LaunchScreen.storyboard */; };
/* End PBXBuildFile section */

/* Begin PBXFileReference section */
		200B15621D509B880004C23E /* Playground 201608.app */ = {isa = PBXFileReference; explicitFileType = wrapper.application; includeInIndex = 0; path = "Playground 201608.app"; sourceTree = BUILT_PRODUCTS_DIR; };
		200B15651D509B880004C23E /* AppDelegate.swift */ = {isa = PBXFileReference; lastKnownFileType = sourcecode.swift; path = AppDelegate.swift; sourceTree = "<group>"; };
		200B15671D509B880004C23E /* ViewController.swift */ = {isa = PBXFileReference; lastKnownFileType = sourcecode.swift; path = ViewController.swift; sourceTree = "<group>"; };
		200B156A1D509B880004C23E /* Base */ = {isa = PBXFileReference; lastKnownFileType = file.storyboard; name = Base; path = Base.lproj/Main.storyboard; sourceTree = "<group>"; };
		200B156C1D509B880004C23E /* Assets.xcassets */ = {isa = PBXFileReference; lastKnownFileType = folder.assetcatalog; path = Assets.xcassets; sourceTree = "<group>"; };
		200B156F1D509B880004C23E /* Base */ = {isa = PBXFileReference; lastKnownFileType = file.storyboard; name = Base; path = Base.lproj/LaunchScreen.storyboard; sourceTree = "<group>"; };
		200B15711D509B880004C23E /* Info.plist */ = {isa = PBXFileReference; lastKnownFileType = text.plist.xml; path = Info.plist; sourceTree = "<group>"; };
/* End PBXFileReference section */

/* Begin PBXFrameworksBuildPhase section */
		200B155F1D509B880004C23E /* Frameworks */ = {
			isa = PBXFrameworksBuildPhase;
			buildActionMask = 2147483647;
			files = (
			);
			runOnlyForDeploymentPostprocessing = 0;
		};
/* End PBXFrameworksBuildPhase section */

/* Begin PBXGroup section */
		200B15591D509B880004C23E = {
			isa = PBXGroup;
			children = (
				200B15641D509B880004C23E /* Playground 201608 */,
				200B15631D509B880004C23E /* Products */,
			);
			sourceTree = "<group>";
		};
		200B15631D509B880004C23E /* Products */ = {
			isa = PBXGroup;
			children = (
				200B15621D509B880004C23E /* Playground 201608.app */,
			);
			name = Products;
			sourceTree = "<group>";
		};
		200B15641D509B880004C23E /* Playground 201608 */ = {
			isa = PBXGroup;
			children = (
				200B15651D509B880004C23E /* AppDelegate.swift */,
				200B15671D509B880004C23E /* ViewController.swift */,
				200B15691D509B880004C23E /* Main.storyboard */,
				200B156C1D509B880004C23E /* Assets.xcassets */,
				200B156E1D509B880004C23E /* LaunchScreen.storyboard */,
				200B15711D509B880004C23E /* Info.plist */,
			);
			path = "Playground 201608";
			sourceTree = "<group>";
		};
/* End PBXGroup section */

/* Begin PBXNativeTarget section */
		200B15611D509B880004C23E /* Playground 201608 */ = {
			isa = PBXNativeTarget;
			buildConfigurationList = 200B15741D509B880004C23E /* Build configuration list for PBXNativeTarget "Playground 201608" */;
			buildPhases = (
				200B155E1D509B880004C23E /* Sources */,
				200B155F1D509B880004C23E /* Frameworks */,
				200B15601D509B880004C23E /* Resources */,
			);
			buildRules = (
			);
			dependencies = (
			);
			name = "Playground 201608";
			productName = "Playground 201608";
			productReference = 200B15621D509B880004C23E /* Playground 201608.app */;
			productType = "com.apple.product-type.application";
		};
/* End PBXNativeTarget section */

/* Begin PBXProject section */
		200B155A1D509B880004C23E /* Project object */ = {
			isa = PBXProject;
			attributes = {
				LastSwiftUpdateCheck = 0800;
				LastUpgradeCheck = 0800;
				ORGANIZATIONNAME = "Yun Chu Wang";
				TargetAttributes = {
					200B15611D509B880004C23E = {
						CreatedOnToolsVersion = 8.0;
						DevelopmentTeam = 556GZM54WR;
						ProvisioningStyle = Automatic;
					};
				};
			};
			buildConfigurationList = 200B155D1D509B880004C23E /* Build configuration list for PBXProject "Playground 201608" */;
			compatibilityVersion = "Xcode 3.2";
			developmentRegion = English;
			hasScannedForEncodings = 0;
			knownRegions = (
				en,
				Base,
			);
			mainGroup = 200B15591D509B880004C23E;
			productRefGroup = 200B15631D509B880004C23E /* Products */;
			projectDirPath = "";
			projectRoot = "";
			targets = (
				200B15611D509B880004C23E /* Playground 201608 */,
			);
		};
/* End PBXProject section */

/* Begin PBXResourcesBuildPhase section */
		200B15601D509B880004C23E /* Resources */ = {
			isa = PBXResourcesBuildPhase;
			buildActionMask = 2147483647;
			files = (
				200B15701D509B880004C23E /* LaunchScreen.storyboard in Resources */,
				200B156D1D509B880004C23E /* Assets.xcassets in Resources */,
				200B156B1D509B880004C23E /* Main.storyboard in Resources */,
			);
			runOnlyForDeploymentPostprocessing = 0;
		};
/* End PBXResourcesBuildPhase section */

/* Begin PBXSourcesBuildPhase section */
		200B155E1D509B880004C23E /* Sources */ = {
			isa = PBXSourcesBuildPhase;
			buildActionMask = 2147483647;
			files = (
				200B15681D509B880004C23E /* ViewController.swift in Sources */,
				200B15661D509B880004C23E /* AppDelegate.swift in Sources */,
			);
			runOnlyForDeploymentPostprocessing = 0;
		};
/* End PBXSourcesBuildPhase section */

/* Begin PBXVariantGroup section */
		200B15691D509B880004C23E /* Main.storyboard */ = {
			isa = PBXVariantGroup;
			children = (
				200B156A1D509B880004C23E /* Base */,
			);
			name = Main.storyboard;
			sourceTree = "<group>";
		};
		200B156E1D509B880004C23E /* LaunchScreen.storyboard */ = {
			isa = PBXVariantGroup;
			children = (
				200B156F1D509B880004C23E /* Base */,
			);
			name = LaunchScreen.storyboard;
			sourceTree = "<group>";
		};
/* End PBXVariantGroup section */

/* Begin XCBuildConfiguration section */
		200B15721D509B880004C23E /* Debug */ = {
			isa = XCBuildConfiguration;
			buildSettings = {
				ALWAYS_SEARCH_USER_PATHS = NO;
				CLANG_ANALYZER_NONNULL = YES;
				CLANG_CXX_LANGUAGE_STANDARD = "gnu++0x";
				CLANG_CXX_LIBRARY = "libc++";
				CLANG_ENABLE_MODULES = YES;
				CLANG_ENABLE_OBJC_ARC = YES;
				CLANG_WARN_BOOL_CONVERSION = YES;
				CLANG_WARN_CONSTANT_CONVERSION = YES;
				CLANG_WARN_DIRECT_OBJC_ISA_USAGE = YES_ERROR;
				CLANG_WARN_DOCUMENTATION_COMMENTS = YES;
				CLANG_WARN_EMPTY_BODY = YES;
				CLANG_WARN_ENUM_CONVERSION = YES;
				CLANG_WARN_INFINITE_RECURSION = YES;
				CLANG_WARN_INT_CONVERSION = YES;
				CLANG_WARN_OBJC_ROOT_CLASS = YES_ERROR;
				CLANG_WARN_SUSPICIOUS_MOVES = YES;
				CLANG_WARN_UNREACHABLE_CODE = YES;
				CLANG_WARN__DUPLICATE_METHOD_MATCH = YES;
				"CODE_SIGN_IDENTITY[sdk=iphoneos*]" = "iPhone Developer";
				COPY_PHASE_STRIP = NO;
				DEBUG_INFORMATION_FORMAT = dwarf;
				ENABLE_STRICT_OBJC_MSGSEND = YES;
				ENABLE_TESTABILITY = YES;
				GCC_C_LANGUAGE_STANDARD = gnu99;
				GCC_DYNAMIC_NO_PIC = NO;
				GCC_NO_COMMON_BLOCKS = YES;
				GCC_OPTIMIZATION_LEVEL = 0;
				GCC_PREPROCESSOR_DEFINITIONS = (
					"DEBUG=1",
					"$(inherited)",
				);
				GCC_WARN_64_TO_32_BIT_CONVERSION = YES;
				GCC_WARN_ABOUT_RETURN_TYPE = YES_ERROR;
				GCC_WARN_UNDECLARED_SELECTOR = YES;
				GCC_WARN_UNINITIALIZED_AUTOS = YES_AGGRESSIVE;
				GCC_WARN_UNUSED_FUNCTION = YES;
				GCC_WARN_UNUSED_VARIABLE = YES;
				IPHONEOS_DEPLOYMENT_TARGET = 10.0;
				MTL_ENABLE_DEBUG_INFO = YES;
				ONLY_ACTIVE_ARCH = YES;
				SDKROOT = iphoneos;
				SWIFT_ACTIVE_COMPILATION_CONDITIONS = DEBUG;
				SWIFT_OPTIMIZATION_LEVEL = "-Onone";
			};
			name = Debug;
		};
		200B15731D509B880004C23E /* Release */ = {
			isa = XCBuildConfiguration;
			buildSettings = {
				ALWAYS_SEARCH_USER_PATHS = NO;
				CLANG_ANALYZER_NONNULL = YES;
				CLANG_CXX_LANGUAGE_STANDARD = "gnu++0x";
				CLANG_CXX_LIBRARY = "libc++";
				CLANG_ENABLE_MODULES = YES;
				CLANG_ENABLE_OBJC_ARC = YES;
				CLANG_WARN_BOOL_CONVERSION = YES;
				CLANG_WARN_CONSTANT_CONVERSION = YES;
				CLANG_WARN_DIRECT_OBJC_ISA_USAGE = YES_ERROR;
				CLANG_WARN_DOCUMENTATION_COMMENTS = YES;
				CLANG_WARN_EMPTY_BODY = YES;
				CLANG_WARN_ENUM_CONVERSION = YES;
				CLANG_WARN_INFINITE_RECURSION = YES;
				CLANG_WARN_INT_CONVERSION = YES;
				CLANG_WARN_OBJC_ROOT_CLASS = YES_ERROR;
				CLANG_WARN_SUSPICIOUS_MOVES = YES;
				CLANG_WARN_UNREACHABLE_CODE = YES;
				CLANG_WARN__DUPLICATE_METHOD_MATCH = YES;
				"CODE_SIGN_IDENTITY[sdk=iphoneos*]" = "iPhone Developer";
				COPY_PHASE_STRIP = NO;
				DEBUG_INFORMATION_FORMAT = "dwarf-with-dsym";
				ENABLE_NS_ASSERTIONS = NO;
				ENABLE_STRICT_OBJC_MSGSEND = YES;
				GCC_C_LANGUAGE_STANDARD = gnu99;
				GCC_NO_COMMON_BLOCKS = YES;
				GCC_WARN_64_TO_32_BIT_CONVERSION = YES;
				GCC_WARN_ABOUT_RETURN_TYPE = YES_ERROR;
				GCC_WARN_UNDECLARED_SELECTOR = YES;
				GCC_WARN_UNINITIALIZED_AUTOS = YES_AGGRESSIVE;
				GCC_WARN_UNUSED_FUNCTION = YES;
				GCC_WARN_UNUSED_VARIABLE = YES;
				IPHONEOS_DEPLOYMENT_TARGET = 10.0;
				MTL_ENABLE_DEBUG_INFO = NO;
				SDKROOT = iphoneos;
				SWIFT_OPTIMIZATION_LEVEL = "-Owholemodule";
				VALIDATE_PRODUCT = YES;
			};
			name = Release;
		};
		200B15751D509B880004C23E /* Debug */ = {
			isa = XCBuildConfiguration;
			buildSettings = {
				ASSETCATALOG_COMPILER_APPICON_NAME = AppIcon;
				DEVELOPMENT_TEAM = 556GZM54WR;
				INFOPLIST_FILE = "Playground 201608/Info.plist";
				LD_RUNPATH_SEARCH_PATHS = "$(inherited) @executable_path/Frameworks";
				PRODUCT_BUNDLE_IDENTIFIER = "com.yunchuwang.Playground-201608";
				PRODUCT_NAME = "$(TARGET_NAME)";
				SWIFT_VERSION = 3.0;
			};
			name = Debug;
		};
		200B15761D509B880004C23E /* Release */ = {
			isa = XCBuildConfiguration;
			buildSettings = {
				ASSETCATALOG_COMPILER_APPICON_NAME = AppIcon;
				DEVELOPMENT_TEAM = 556GZM54WR;
				INFOPLIST_FILE = "Playground 201608/Info.plist";
				LD_RUNPATH_SEARCH_PATHS = "$(inherited) @executable_path/Frameworks";
				PRODUCT_BUNDLE_IDENTIFIER = "com.yunchuwang.Playground-201608";
				PRODUCT_NAME = "$(TARGET_NAME)";
				SWIFT_VERSION = 3.0;
			};
			name = Release;
		};
/* End XCBuildConfiguration section */

/* Begin XCConfigurationList section */
		200B155D1D509B880004C23E /* Build configuration list for PBXProject "Playground 201608" */ = {
			isa = XCConfigurationList;
			buildConfigurations = (
				200B15721D509B880004C23E /* Debug */,
				200B15731D509B880004C23E /* Release */,
			);
			defaultConfigurationIsVisible = 0;
			defaultConfigurationName = Release;
		};
		200B15741D509B880004C23E /* Build configuration list for PBXNativeTarget "Playground 201608" */ = {
			isa = XCConfigurationList;
			buildConfigurations = (
				200B15751D509B880004C23E /* Debug */,
				200B15761D509B880004C23E /* Release */,
			);
			defaultConfigurationIsVisible = 0;
		};
/* End XCConfigurationList section */
	};
	rootObject = 200B155A1D509B880004C23E /* Project object */;
}
